
Microsoft Visual Studio Solution File, Format Version 12.00
Project("{FAE04EC0-301F-11D3-BF4B-00C04F79EFBC}") = "EconomyOptimisation", "EconomyOptimisation.csproj", "{571AE262-9F89-4555-880B-92DDEBEA11F3}"
EndProject
Project("{FAE04EC0-301F-11D3-BF4B-00C04F79EFBC}") = "EconomyOptimisation.Test", "EconomyOptimisation.Test\EconomyOptimisation.Test.csproj", "{ED948BE9-BA00-4DBC-88E8-384487AE672E}"
EndProject
Global
	GlobalSection(SolutionConfigurationPlatforms) = preSolution
		Debug|Any CPU = Debug|Any CPU
		Release|Any CPU = Release|Any CPU
	EndGlobalSection
	GlobalSection(ProjectConfigurationPlatforms) = postSolution
		{571AE262-9F89-4555-880B-92DDEBEA11F3}.Debug|Any CPU.ActiveCfg = Debug|Any CPU
		{571AE262-9F89-4555-880B-92DDEBEA11F3}.Debug|Any CPU.Build.0 = Debug|Any CPU
		{571AE262-9F89-4555-880B-92DDEBEA11F3}.Release|Any CPU.ActiveCfg = Release|Any CPU
		{571AE262-9F89-4555-880B-92DDEBEA11F3}.Release|Any CPU.Build.0 = Release|Any CPU
		{ED948BE9-BA00-4DBC-88E8-384487AE672E}.Debug|Any CPU.ActiveCfg = Debug|Any CPU
		{ED948BE9-BA00-4DBC-88E8-384487AE672E}.Debug|Any CPU.Build.0 = Debug|Any CPU
		{ED948BE9-BA00-4DBC-88E8-384487AE672E}.Release|Any CPU.ActiveCfg = Release|Any CPU
		{ED948BE9-BA00-4DBC-88E8-384487AE672E}.Release|Any CPU.Build.0 = Release|Any CPU
	EndGlobalSection
EndGlobal
